
Microsoft Visual Studio Solution File, Format Version 12.00
# Visual Studio Version 16
VisualStudioVersion = 16.0.29020.237
MinimumVisualStudioVersion = 10.0.40219.1
Project("{FAE04EC0-301F-11D3-BF4B-00C04F79EFBC}") = "GaneshaXL", "GaneshaXL.csproj", "{B0421D9D-E158-4965-BF6B-A3FC55BAE2FC}"
EndProject
Global
	GlobalSection(SolutionConfigurationPlatforms) = preSolution
		Debug|Any CPU = Debug|Any CPU
		Release|Any CPU = Release|Any CPU
	EndGlobalSection
	GlobalSection(ProjectConfigurationPlatforms) = postSolution
		{B0421D9D-E158-4965-BF6B-A3FC55BAE2FC}.Debug|Any CPU.ActiveCfg = Debug|Any CPU
		{B0421D9D-E158-4965-BF6B-A3FC55BAE2FC}.Debug|Any CPU.Build.0 = Debug|Any CPU
		{B0421D9D-E158-4965-BF6B-A3FC55BAE2FC}.Release|Any CPU.ActiveCfg = Release|Any CPU
		{B0421D9D-E158-4965-BF6B-A3FC55BAE2FC}.Release|Any CPU.Build.0 = Release|Any CPU
	EndGlobalSection
	GlobalSection(SolutionProperties) = preSolution
		HideSolutionNode = FALSE
	EndGlobalSection
	GlobalSection(ExtensibilityGlobals) = postSolution
		SolutionGuid = {15A2FC0C-E00F-4067-AFC8-1F3D4F2859D1}
	EndGlobalSection
EndGlobal
